PODS:
  - AFNetworking (4.0.1):
    - AFNetworking/NSURLSession (= 4.0.1)
    - AFNetworking/Reachability (= 4.0.1)
    - AFNetworking/Security (= 4.0.1)
    - AFNetworking/Serialization (= 4.0.1)
    - AFNetworking/UIKit (= 4.0.1)
  - AFNetworking/NSURLSession (4.0.1):
    - AFNetworking/Reachability
    - AFNetworking/Security
    - AFNetworking/Serialization
  - AFNetworking/Reachability (4.0.1)
  - AFNetworking/Security (4.0.1)
  - AFNetworking/Serialization (4.0.1)
  - AFNetworking/UIKit (4.0.1):
    - AFNetworking/NSURLSession
  - MyLXFCode (1.1.0):
    - AFNetworking

DEPENDENCIES:
  - MyLXFCode (= 1.1.0)

SPEC REPOS:
  trunk:
    - AFNetworking
    - MyLXFCode

SPEC CHECKSUMS:
  AFNetworking: 7864c38297c79aaca1500c33288e429c3451fdce
  MyLXFCode: c15352367fe2fea97cc3404085defd69a1e87c65

PODFILE CHECKSUM: 111d0e71d9dbb939d5090213597bc2b9233f092b

COCOAPODS: 1.10.1
