// !$*UTF8*$!
{
	archiveVersion = 1;
	classes = {
	};
	objectVersion = 55;
	objects = {

/* Begin PBXBuildFile section */
		77352EF628B5EF1000EF5C01 /* AppDelegate.m in Sources */ = {isa = PBXBuildFile; fileRef = 77352EF528B5EF1000EF5C01 /* AppDelegate.m */; };
		77352EF928B5EF1000EF5C01 /* SceneDelegate.m in Sources */ = {isa = PBXBuildFile; fileRef = 77352EF828B5EF1000EF5C01 /* SceneDelegate.m */; };
		77352EFC28B5EF1000EF5C01 /* ViewController.m in Sources */ = {isa = PBXBuildFile; fileRef = 77352EFB28B5EF1000EF5C01 /* ViewController.m */; };
		77352EFF28B5EF1000EF5C01 /* Main.storyboard in Resources */ = {isa = PBXBuildFile; fileRef = 77352EFD28B5EF1000EF5C01 /* Main.storyboard */; };
		77352F0128B5EF1200EF5C01 /* Assets.xcassets in Resources */ = {isa = PBXBuildFile; fileRef = 77352F0028B5EF1200EF5C01 /* Assets.xcassets */; };
		77352F0428B5EF1200EF5C01 /* LaunchScreen.storyboard in Resources */ = {isa = PBXBuildFile; fileRef = 77352F0228B5EF1200EF5C01 /* LaunchScreen.storyboard */; };
		77352F0728B5EF1200EF5C01 /* main.m in Sources */ = {isa = PBXBuildFile; fileRef = 77352F0628B5EF1200EF5C01 /* main.m */; };
/* End PBXBuildFile section */

/* Begin PBXFileReference section */
		77352EF128B5EF1000EF5C01 /* PodPr.app */ = {isa = PBXFileReference; explicitFileType = wrapper.application; includeInIndex = 0; path = PodPr.app; sourceTree = BUILT_PRODUCTS_DIR; };
		77352EF428B5EF1000EF5C01 /* AppDelegate.h */ = {isa = PBXFileReference; lastKnownFileType = sourcecode.c.h; path = AppDelegate.h; sourceTree = "<group>"; };
		77352EF528B5EF1000EF5C01 /* AppDelegate.m */ = {isa = PBXFileReference; lastKnownFileType = sourcecode.c.objc; path = AppDelegate.m; sourceTree = "<group>"; };
		77352EF728B5EF1000EF5C01 /* SceneDelegate.h */ = {isa = PBXFileReference; lastKnownFileType = sourcecode.c.h; path = SceneDelegate.h; sourceTree = "<group>"; };
		77352EF828B5EF1000EF5C01 /* SceneDelegate.m */ = {isa = PBXFileReference; lastKnownFileType = sourcecode.c.objc; path = SceneDelegate.m; sourceTree = "<group>"; };
		77352EFA28B5EF1000EF5C01 /* ViewController.h */ = {isa = PBXFileReference; lastKnownFileType = sourcecode.c.h; path = ViewController.h; sourceTree = "<group>"; };
		77352EFB28B5EF1000EF5C01 /* ViewController.m */ = {isa = PBXFileReference; lastKnownFileType = sourcecode.c.objc; path = ViewController.m; sourceTree = "<group>"; };
		77352EFE28B5EF1000EF5C01 /* Base */ = {isa = PBXFileReference; lastKnownFileType = file.storyboard; name = Base; path = Base.lproj/Main.storyboard; sourceTree = "<group>"; };
		77352F0028B5EF1200EF5C01 /* Assets.xcassets */ = {isa = PBXFileReference; lastKnownFileType = folder.assetcatalog; path = Assets.xcassets; sourceTree = "<group>"; };
		77352F0328B5EF1200EF5C01 /* Base */ = {isa = PBXFileReference; lastKnownFileType = file.storyboard; name = Base; path = Base.lproj/LaunchScreen.storyboard; sourceTree = "<group>"; };
		77352F0528B5EF1200EF5C01 /* Info.plist */ = {isa = PBXFileReference; lastKnownFileType = text.plist.xml; path = Info.plist; sourceTree = "<group>"; };
		77352F0628B5EF1200EF5C01 /* main.m */ = {isa = PBXFileReference; lastKnownFileType = sourcecode.c.objc; path = main.m; sourceTree = "<group>"; };
/* End PBXFileReference section */

/* Begin PBXFrameworksBuildPhase section */
		77352EEE28B5EF1000EF5C01 /* Frameworks */ = {
			isa = PBXFrameworksBuildPhase;
			buildActionMask = 2147483647;
			files = (
			);
			runOnlyForDeploymentPostprocessing = 0;
		};
/* End PBXFrameworksBuildPhase section */

/* Begin PBXGroup section */
		77352EE828B5EF1000EF5C01 = {
			isa = PBXGroup;
			children = (
				77352EF328B5EF1000EF5C01 /* PodPr */,
				77352EF228B5EF1000EF5C01 /* Products */,
			);
			sourceTree = "<group>";
		};
		77352EF228B5EF1000EF5C01 /* Products */ = {
			isa = PBXGroup;
			children = (
				77352EF128B5EF1000EF5C01 /* PodPr.app */,
			);
			name = Products;
			sourceTree = "<group>";
		};
		77352EF328B5EF1000EF5C01 /* PodPr */ = {
			isa = PBXGroup;
			children = (
				77352EF428B5EF1000EF5C01 /* AppDelegate.h */,
				77352EF528B5EF1000EF5C01 /* AppDelegate.m */,
				77352EF728B5EF1000EF5C01 /* SceneDelegate.h */,
				77352EF828B5EF1000EF5C01 /* SceneDelegate.m */,
				77352EFA28B5EF1000EF5C01 /* ViewController.h */,
				77352EFB28B5EF1000EF5C01 /* ViewController.m */,
				77352EFD28B5EF1000EF5C01 /* Main.storyboard */,
				77352F0028B5EF1200EF5C01 /* Assets.xcassets */,
				77352F0228B5EF1200EF5C01 /* LaunchScreen.storyboard */,
				77352F0528B5EF1200EF5C01 /* Info.plist */,
				77352F0628B5EF1200EF5C01 /* main.m */,
			);
			path = PodPr;
			sourceTree = "<group>";
		};
/* End PBXGroup section */

/* Begin PBXNativeTarget section */
		77352EF028B5EF1000EF5C01 /* PodPr */ = {
			isa = PBXNativeTarget;
			buildConfigurationList = 77352F0A28B5EF1200EF5C01 /* Build configuration list for PBXNativeTarget "PodPr" */;
			buildPhases = (
				77352EED28B5EF1000EF5C01 /* Sources */,
				77352EEE28B5EF1000EF5C01 /* Frameworks */,
				77352EEF28B5EF1000EF5C01 /* Resources */,
			);
			buildRules = (
			);
			dependencies = (
			);
			name = PodPr;
			productName = PodPr;
			productReference = 77352EF128B5EF1000EF5C01 /* PodPr.app */;
			productType = "com.apple.product-type.application";
		};
/* End PBXNativeTarget section */

/* Begin PBXProject section */
		77352EE928B5EF1000EF5C01 /* Project object */ = {
			isa = PBXProject;
			attributes = {
				BuildIndependentTargetsInParallel = 1;
				LastUpgradeCheck = 1340;
				TargetAttributes = {
					77352EF028B5EF1000EF5C01 = {
						CreatedOnToolsVersion = 13.4.1;
					};
				};
			};
			buildConfigurationList = 77352EEC28B5EF1000EF5C01 /* Build configuration list for PBXProject "PodPr" */;
			compatibilityVersion = "Xcode 13.0";
			developmentRegion = en;
			hasScannedForEncodings = 0;
			knownRegions = (
				en,
				Base,
			);
			mainGroup = 77352EE828B5EF1000EF5C01;
			productRefGroup = 77352EF228B5EF1000EF5C01 /* Products */;
			projectDirPath = "";
			projectRoot = "";
			targets = (
				77352EF028B5EF1000EF5C01 /* PodPr */,
			);
		};
/* End PBXProject section */

/* Begin PBXResourcesBuildPhase section */
		77352EEF28B5EF1000EF5C01 /* Resources */ = {
			isa = PBXResourcesBuildPhase;
			buildActionMask = 2147483647;
			files = (
				77352F0428B5EF1200EF5C01 /* LaunchScreen.storyboard in Resources */,
				77352F0128B5EF1200EF5C01 /* Assets.xcassets in Resources */,
				77352EFF28B5EF1000EF5C01 /* Main.storyboard in Resources */,
			);
			runOnlyForDeploymentPostprocessing = 0;
		};
/* End PBXResourcesBuildPhase section */

/* Begin PBXSourcesBuildPhase section */
		77352EED28B5EF1000EF5C01 /* Sources */ = {
			isa = PBXSourcesBuildPhase;
			buildActionMask = 2147483647;
			files = (
				77352EFC28B5EF1000EF5C01 /* ViewController.m in Sources */,
				77352EF628B5EF1000EF5C01 /* AppDelegate.m in Sources */,
				77352F0728B5EF1200EF5C01 /* main.m in Sources */,
				77352EF928B5EF1000EF5C01 /* SceneDelegate.m in Sources */,
			);
			runOnlyForDeploymentPostprocessing = 0;
		};
/* End PBXSourcesBuildPhase section */

/* Begin PBXVariantGroup section */
		77352EFD28B5EF1000EF5C01 /* Main.storyboard */ = {
			isa = PBXVariantGroup;
			children = (
				77352EFE28B5EF1000EF5C01 /* Base */,
			);
			name = Main.storyboard;
			sourceTree = "<group>";
		};
		77352F0228B5EF1200EF5C01 /* LaunchScreen.storyboard */ = {
			isa = PBXVariantGroup;
			children = (
				77352F0328B5EF1200EF5C01 /* Base */,
			);
			name = LaunchScreen.storyboard;
			sourceTree = "<group>";
		};
/* End PBXVariantGroup section */

/* Begin XCBuildConfiguration section */
		77352F0828B5EF1200EF5C01 /* Debug */ = {
			isa = XCBuildConfiguration;
			buildSettings = {
				ALWAYS_SEARCH_USER_PATHS = NO;
				CLANG_ANALYZER_NONNULL = YES;
				CLANG_ANALYZER_NUMBER_OBJECT_CONVERSION = YES_AGGRESSIVE;
				CLANG_CXX_LANGUAGE_STANDARD = "gnu++17";
				CLANG_ENABLE_MODULES = YES;
				CLANG_ENABLE_OBJC_ARC = YES;
				CLANG_ENABLE_OBJC_WEAK = YES;
				CLANG_WARN_BLOCK_CAPTURE_AUTORELEASING = YES;
				CLANG_WARN_BOOL_CONVERSION = YES;
				CLANG_WARN_COMMA = YES;
				CLANG_WARN_CONSTANT_CONVERSION = YES;
				CLANG_WARN_DEPRECATED_OBJC_IMPLEMENTATIONS = YES;
				CLANG_WARN_DIRECT_OBJC_ISA_USAGE = YES_ERROR;
				CLANG_WARN_DOCUMENTATION_COMMENTS = YES;
				CLANG_WARN_EMPTY_BODY = YES;
				CLANG_WARN_ENUM_CONVERSION = YES;
				CLANG_WARN_INFINITE_RECURSION = YES;
				CLANG_WARN_INT_CONVERSION = YES;
				CLANG_WARN_NON_LITERAL_NULL_CONVERSION = YES;
				CLANG_WARN_OBJC_IMPLICIT_RETAIN_SELF = YES;
				CLANG_WARN_OBJC_LITERAL_CONVERSION = YES;
				CLANG_WARN_OBJC_ROOT_CLASS = YES_ERROR;
				CLANG_WARN_QUOTED_INCLUDE_IN_FRAMEWORK_HEADER = YES;
				CLANG_WARN_RANGE_LOOP_ANALYSIS = YES;
				CLANG_WARN_STRICT_PROTOTYPES = YES;
				CLANG_WARN_SUSPICIOUS_MOVE = YES;
				CLANG_WARN_UNGUARDED_AVAILABILITY = YES_AGGRESSIVE;
				CLANG_WARN_UNREACHABLE_CODE = YES;
				CLANG_WARN__DUPLICATE_METHOD_MATCH = YES;
				COPY_PHASE_STRIP = NO;
				DEBUG_INFORMATION_FORMAT = dwarf;
				ENABLE_STRICT_OBJC_MSGSEND = YES;
				ENABLE_TESTABILITY = YES;
				GCC_C_LANGUAGE_STANDARD = gnu11;
				GCC_DYNAMIC_NO_PIC = NO;
				GCC_NO_COMMON_BLOCKS = YES;
				GCC_OPTIMIZATION_LEVEL = 0;
				GCC_PREPROCESSOR_DEFINITIONS = (
					"DEBUG=1",
					"$(inherited)",
				);
				GCC_WARN_64_TO_32_BIT_CONVERSION = YES;
				GCC_WARN_ABOUT_RETURN_TYPE = YES_ERROR;
				GCC_WARN_UNDECLARED_SELECTOR = YES;
				GCC_WARN_UNINITIALIZED_AUTOS = YES_AGGRESSIVE;
				GCC_WARN_UNUSED_FUNCTION = YES;
				GCC_WARN_UNUSED_VARIABLE = YES;
				IPHONEOS_DEPLOYMENT_TARGET = 15.5;
				MTL_ENABLE_DEBUG_INFO = INCLUDE_SOURCE;
				MTL_FAST_MATH = YES;
				ONLY_ACTIVE_ARCH = YES;
				SDKROOT = iphoneos;
			};
			name = Debug;
		};
		77352F0928B5EF1200EF5C01 /* Release */ = {
			isa = XCBuildConfiguration;
			buildSettings = {
				ALWAYS_SEARCH_USER_PATHS = NO;
				CLANG_ANALYZER_NONNULL = YES;
				CLANG_ANALYZER_NUMBER_OBJECT_CONVERSION = YES_AGGRESSIVE;
				CLANG_CXX_LANGUAGE_STANDARD = "gnu++17";
				CLANG_ENABLE_MODULES = YES;
				CLANG_ENABLE_OBJC_ARC = YES;
				CLANG_ENABLE_OBJC_WEAK = YES;
				CLANG_WARN_BLOCK_CAPTURE_AUTORELEASING = YES;
				CLANG_WARN_BOOL_CONVERSION = YES;
				CLANG_WARN_COMMA = YES;
				CLANG_WARN_CONSTANT_CONVERSION = YES;
				CLANG_WARN_DEPRECATED_OBJC_IMPLEMENTATIONS = YES;
				CLANG_WARN_DIRECT_OBJC_ISA_USAGE = YES_ERROR;
				CLANG_WARN_DOCUMENTATION_COMMENTS = YES;
				CLANG_WARN_EMPTY_BODY = YES;
				CLANG_WARN_ENUM_CONVERSION = YES;
				CLANG_WARN_INFINITE_RECURSION = YES;
				CLANG_WARN_INT_CONVERSION = YES;
				CLANG_WARN_NON_LITERAL_NULL_CONVERSION = YES;
				CLANG_WARN_OBJC_IMPLICIT_RETAIN_SELF = YES;
				CLANG_WARN_OBJC_LITERAL_CONVERSION = YES;
				CLANG_WARN_OBJC_ROOT_CLASS = YES_ERROR;
				CLANG_WARN_QUOTED_INCLUDE_IN_FRAMEWORK_HEADER = YES;
				CLANG_WARN_RANGE_LOOP_ANALYSIS = YES;
				CLANG_WARN_STRICT_PROTOTYPES = YES;
				CLANG_WARN_SUSPICIOUS_MOVE = YES;
				CLANG_WARN_UNGUARDED_AVAILABILITY = YES_AGGRESSIVE;
				CLANG_WARN_UNREACHABLE_CODE = YES;
				CLANG_WARN__DUPLICATE_METHOD_MATCH = YES;
				COPY_PHASE_STRIP = NO;
				DEBUG_INFORMATION_FORMAT = "dwarf-with-dsym";
				ENABLE_NS_ASSERTIONS = NO;
				ENABLE_STRICT_OBJC_MSGSEND = YES;
				GCC_C_LANGUAGE_STANDARD = gnu11;
				GCC_NO_COMMON_BLOCKS = YES;
				GCC_WARN_64_TO_32_BIT_CONVERSION = YES;
				GCC_WARN_ABOUT_RETURN_TYPE = YES_ERROR;
				GCC_WARN_UNDECLARED_SELECTOR = YES;
				GCC_WARN_UNINITIALIZED_AUTOS = YES_AGGRESSIVE;
				GCC_WARN_UNUSED_FUNCTION = YES;
				GCC_WARN_UNUSED_VARIABLE = YES;
				IPHONEOS_DEPLOYMENT_TARGET = 15.5;
				MTL_ENABLE_DEBUG_INFO = NO;
				MTL_FAST_MATH = YES;
				SDKROOT = iphoneos;
				VALIDATE_PRODUCT = YES;
			};
			name = Release;
		};
		77352F0B28B5EF1200EF5C01 /* Debug */ = {
			isa = XCBuildConfiguration;
			buildSettings = {
				ASSETCATALOG_COMPILER_APPICON_NAME = AppIcon;
				ASSETCATALOG_COMPILER_GLOBAL_ACCENT_COLOR_NAME = AccentColor;
				CODE_SIGN_STYLE = Automatic;
				CURRENT_PROJECT_VERSION = 1;
				DEVELOPMENT_TEAM = JDB3522PNF;
				GENERATE_INFOPLIST_FILE = YES;
				INFOPLIST_FILE = PodPr/Info.plist;
				INFOPLIST_KEY_UIApplicationSupportsIndirectInputEvents = YES;
				INFOPLIST_KEY_UILaunchStoryboardName = LaunchScreen;
				INFOPLIST_KEY_UIMainStoryboardFile = Main;
				INFOPLIST_KEY_UISupportedInterfaceOrientations_iPad = "UIInterfaceOrientationPortrait UIInterfaceOrientationPortraitUpsideDown UIInterfaceOrientationLandscapeLeft UIInterfaceOrientationLandscapeRight";
				INFOPLIST_KEY_UISupportedInterfaceOrientations_iPhone = "UIInterfaceOrientationPortrait UIInterfaceOrientationLandscapeLeft UIInterfaceOrientationLandscapeRight";
				LD_RUNPATH_SEARCH_PATHS = (
					"$(inherited)",
					"@executable_path/Frameworks",
				);
				MARKETING_VERSION = 1.0;
				PRODUCT_BUNDLE_IDENTIFIER = "org.bytedance.cocoa-bundle-id-pod.PodPr";
				PRODUCT_NAME = "$(TARGET_NAME)";
				SWIFT_EMIT_LOC_STRINGS = YES;
				TARGETED_DEVICE_FAMILY = "1,2";
			};
			name = Debug;
		};
		77352F0C28B5EF1200EF5C01 /* Release */ = {
			isa = XCBuildConfiguration;
			buildSettings = {
				ASSETCATALOG_COMPILER_APPICON_NAME = AppIcon;
				ASSETCATALOG_COMPILER_GLOBAL_ACCENT_COLOR_NAME = AccentColor;
				CODE_SIGN_STYLE = Automatic;
				CURRENT_PROJECT_VERSION = 1;
				DEVELOPMENT_TEAM = JDB3522PNF;
				GENERATE_INFOPLIST_FILE = YES;
				INFOPLIST_FILE = PodPr/Info.plist;
				INFOPLIST_KEY_UIApplicationSupportsIndirectInputEvents = YES;
				INFOPLIST_KEY_UILaunchStoryboardName = LaunchScreen;
				INFOPLIST_KEY_UIMainStoryboardFile = Main;
				INFOPLIST_KEY_UISupportedInterfaceOrientations_iPad = "UIInterfaceOrientationPortrait UIInterfaceOrientationPortraitUpsideDown UIInterfaceOrientationLandscapeLeft UIInterfaceOrientationLandscapeRight";
				INFOPLIST_KEY_UISupportedInterfaceOrientations_iPhone = "UIInterfaceOrientationPortrait UIInterfaceOrientationLandscapeLeft UIInterfaceOrientationLandscapeRight";
				LD_RUNPATH_SEARCH_PATHS = (
					"$(inherited)",
					"@executable_path/Frameworks",
				);
				MARKETING_VERSION = 1.0;
				PRODUCT_BUNDLE_IDENTIFIER = "org.bytedance.cocoa-bundle-id-pod.PodPr";
				PRODUCT_NAME = "$(TARGET_NAME)";
				SWIFT_EMIT_LOC_STRINGS = YES;
				TARGETED_DEVICE_FAMILY = "1,2";
			};
			name = Release;
		};
/* End XCBuildConfiguration section */

/* Begin XCConfigurationList section */
		77352EEC28B5EF1000EF5C01 /* Build configuration list for PBXProject "PodPr" */ = {
			isa = XCConfigurationList;
			buildConfigurations = (
				77352F0828B5EF1200EF5C01 /* Debug */,
				77352F0928B5EF1200EF5C01 /* Release */,
			);
			defaultConfigurationIsVisible = 0;
			defaultConfigurationName = Release;
		};
		77352F0A28B5EF1200EF5C01 /* Build configuration list for PBXNativeTarget "PodPr" */ = {
			isa = XCConfigurationList;
			buildConfigurations = (
				77352F0B28B5EF1200EF5C01 /* Debug */,
				77352F0C28B5EF1200EF5C01 /* Release */,
			);
			defaultConfigurationIsVisible = 0;
			defaultConfigurationName = Release;
		};
/* End XCConfigurationList section */
	};
	rootObject = 77352EE928B5EF1000EF5C01 /* Project object */;
}
